
Microsoft Visual Studio Solution File, Format Version 12.00
# Visual Studio Version 16
VisualStudioVersion = 16.0.29215.179
MinimumVisualStudioVersion = 10.0.40219.1
Project("{9A19103F-16F7-4668-BE54-9A1E7A4F7556}") = "Pladeco.Web", "Pladeco.Web\Pladeco.Web.csproj", "{FE6BE44F-0AA4-4B83-A732-8A21428CBC3E}"
EndProject
Project("{9A19103F-16F7-4668-BE54-9A1E7A4F7556}") = "Pladeco.Domain", "Pladeco.Domain\Pladeco.Domain.csproj", "{9BE29359-4121-4BC2-8158-F4DDAAA217B6}"
EndProject
Global
	GlobalSection(SolutionConfigurationPlatforms) = preSolution
		Debug|Any CPU = Debug|Any CPU
		Release|Any CPU = Release|Any CPU
	EndGlobalSection
	GlobalSection(ProjectConfigurationPlatforms) = postSolution
		{FE6BE44F-0AA4-4B83-A732-8A21428CBC3E}.Debug|Any CPU.ActiveCfg = Debug|Any CPU
		{FE6BE44F-0AA4-4B83-A732-8A21428CBC3E}.Debug|Any CPU.Build.0 = Debug|Any CPU
		{FE6BE44F-0AA4-4B83-A732-8A21428CBC3E}.Release|Any CPU.ActiveCfg = Release|Any CPU
		{FE6BE44F-0AA4-4B83-A732-8A21428CBC3E}.Release|Any CPU.Build.0 = Release|Any CPU
		{9BE29359-4121-4BC2-8158-F4DDAAA217B6}.Debug|Any CPU.ActiveCfg = Debug|Any CPU
		{9BE29359-4121-4BC2-8158-F4DDAAA217B6}.Debug|Any CPU.Build.0 = Debug|Any CPU
		{9BE29359-4121-4BC2-8158-F4DDAAA217B6}.Release|Any CPU.ActiveCfg = Release|Any CPU
		{9BE29359-4121-4BC2-8158-F4DDAAA217B6}.Release|Any CPU.Build.0 = Release|Any CPU
	EndGlobalSection
	GlobalSection(SolutionProperties) = preSolution
		HideSolutionNode = FALSE
	EndGlobalSection
	GlobalSection(ExtensibilityGlobals) = postSolution
		SolutionGuid = {30B92A83-224A-45F7-869D-9ED9ABA02878}
	EndGlobalSection
EndGlobal
